
Microsoft Visual Studio Solution File, Format Version 10.00
# Visual Studio 2008
Project("{FAE04EC0-301F-11D3-BF4B-00C04F79EFBC}") = "OfficeChess8", "OfficeChess8\OfficeChess8.csproj", "{F14F7907-1C2A-47D9-856A-2DB00517C1F1}"
	ProjectSection(ProjectDependencies) = postProject
		{E2739428-8E3B-430F-B807-45141FA4AEF3} = {E2739428-8E3B-430F-B807-45141FA4AEF3}
		{B2D31EE4-77B1-4EDF-A1C9-6C66AD658C53} = {B2D31EE4-77B1-4EDF-A1C9-6C66AD658C53}
	EndProjectSection
EndProject
Project("{FAE04EC0-301F-11D3-BF4B-00C04F79EFBC}") = "Globals", "Globals\Globals.csproj", "{A69486EC-48A2-42FB-BF2E-428DC452AD0B}"
EndProject
Project("{FAE04EC0-301F-11D3-BF4B-00C04F79EFBC}") = "ChessboardControl", "ChessboardControl\ChessboardControl.csproj", "{3AC0CC94-E562-4F25-BA16-7608D79CF15E}"
EndProject
Project("{FAE04EC0-301F-11D3-BF4B-00C04F79EFBC}") = "ChessLogic", "ChessLogic\ChessLogic.csproj", "{9B147EB4-F48D-4EF3-A51C-77A260438B30}"
EndProject
Project("{FAE04EC0-301F-11D3-BF4B-00C04F79EFBC}") = "Network", "Network\Network\Network.csproj", "{B2D31EE4-77B1-4EDF-A1C9-6C66AD658C53}"
EndProject
Project("{FAE04EC0-301F-11D3-BF4B-00C04F79EFBC}") = "EngineInterfaces", "EngineInterfaces\EngineInterfaces.csproj", "{E2739428-8E3B-430F-B807-45141FA4AEF3}"
	ProjectSection(ProjectDependencies) = postProject
		{A69486EC-48A2-42FB-BF2E-428DC452AD0B} = {A69486EC-48A2-42FB-BF2E-428DC452AD0B}
	EndProjectSection
EndProject
Global
	GlobalSection(SolutionConfigurationPlatforms) = preSolution
		Debug|Any CPU = Debug|Any CPU
		Debug|Mixed Platforms = Debug|Mixed Platforms
		Debug|Win32 = Debug|Win32
		Release|Any CPU = Release|Any CPU
		Release|Mixed Platforms = Release|Mixed Platforms
		Release|Win32 = Release|Win32
	EndGlobalSection
	GlobalSection(ProjectConfigurationPlatforms) = postSolution
		{F14F7907-1C2A-47D9-856A-2DB00517C1F1}.Debug|Any CPU.ActiveCfg = Debug|Any CPU
		{F14F7907-1C2A-47D9-856A-2DB00517C1F1}.Debug|Any CPU.Build.0 = Debug|Any CPU
		{F14F7907-1C2A-47D9-856A-2DB00517C1F1}.Debug|Mixed Platforms.ActiveCfg = Debug|Any CPU
		{F14F7907-1C2A-47D9-856A-2DB00517C1F1}.Debug|Mixed Platforms.Build.0 = Debug|Any CPU
		{F14F7907-1C2A-47D9-856A-2DB00517C1F1}.Debug|Win32.ActiveCfg = Debug|Any CPU
		{F14F7907-1C2A-47D9-856A-2DB00517C1F1}.Release|Any CPU.ActiveCfg = Release|Any CPU
		{F14F7907-1C2A-47D9-856A-2DB00517C1F1}.Release|Any CPU.Build.0 = Release|Any CPU
		{F14F7907-1C2A-47D9-856A-2DB00517C1F1}.Release|Mixed Platforms.ActiveCfg = Release|Any CPU
		{F14F7907-1C2A-47D9-856A-2DB00517C1F1}.Release|Mixed Platforms.Build.0 = Release|Any CPU
		{F14F7907-1C2A-47D9-856A-2DB00517C1F1}.Release|Win32.ActiveCfg = Release|Any CPU
		{A69486EC-48A2-42FB-BF2E-428DC452AD0B}.Debug|Any CPU.ActiveCfg = Debug|Any CPU
		{A69486EC-48A2-42FB-BF2E-428DC452AD0B}.Debug|Any CPU.Build.0 = Debug|Any CPU
		{A69486EC-48A2-42FB-BF2E-428DC452AD0B}.Debug|Mixed Platforms.ActiveCfg = Debug|Any CPU
		{A69486EC-48A2-42FB-BF2E-428DC452AD0B}.Debug|Mixed Platforms.Build.0 = Debug|Any CPU
		{A69486EC-48A2-42FB-BF2E-428DC452AD0B}.Debug|Win32.ActiveCfg = Debug|Any CPU
		{A69486EC-48A2-42FB-BF2E-428DC452AD0B}.Release|Any CPU.ActiveCfg = Release|Any CPU
		{A69486EC-48A2-42FB-BF2E-428DC452AD0B}.Release|Any CPU.Build.0 = Release|Any CPU
		{A69486EC-48A2-42FB-BF2E-428DC452AD0B}.Release|Mixed Platforms.ActiveCfg = Release|Any CPU
		{A69486EC-48A2-42FB-BF2E-428DC452AD0B}.Release|Mixed Platforms.Build.0 = Release|Any CPU
		{A69486EC-48A2-42FB-BF2E-428DC452AD0B}.Release|Win32.ActiveCfg = Release|Any CPU
		{3AC0CC94-E562-4F25-BA16-7608D79CF15E}.Debug|Any CPU.ActiveCfg = Debug|Any CPU
		{3AC0CC94-E562-4F25-BA16-7608D79CF15E}.Debug|Any CPU.Build.0 = Debug|Any CPU
		{3AC0CC94-E562-4F25-BA16-7608D79CF15E}.Debug|Mixed Platforms.ActiveCfg = Debug|Any CPU
		{3AC0CC94-E562-4F25-BA16-7608D79CF15E}.Debug|Mixed Platforms.Build.0 = Debug|Any CPU
		{3AC0CC94-E562-4F25-BA16-7608D79CF15E}.Debug|Win32.ActiveCfg = Debug|Any CPU
		{3AC0CC94-E562-4F25-BA16-7608D79CF15E}.Release|Any CPU.ActiveCfg = Release|Any CPU
		{3AC0CC94-E562-4F25-BA16-7608D79CF15E}.Release|Any CPU.Build.0 = Release|Any CPU
		{3AC0CC94-E562-4F25-BA16-7608D79CF15E}.Release|Mixed Platforms.ActiveCfg = Release|Any CPU
		{3AC0CC94-E562-4F25-BA16-7608D79CF15E}.Release|Mixed Platforms.Build.0 = Release|Any CPU
		{3AC0CC94-E562-4F25-BA16-7608D79CF15E}.Release|Win32.ActiveCfg = Release|Any CPU
		{9B147EB4-F48D-4EF3-A51C-77A260438B30}.Debug|Any CPU.ActiveCfg = Debug|Any CPU
		{9B147EB4-F48D-4EF3-A51C-77A260438B30}.Debug|Any CPU.Build.0 = Debug|Any CPU
		{9B147EB4-F48D-4EF3-A51C-77A260438B30}.Debug|Mixed Platforms.ActiveCfg = Debug|Any CPU
		{9B147EB4-F48D-4EF3-A51C-77A260438B30}.Debug|Mixed Platforms.Build.0 = Debug|Any CPU
		{9B147EB4-F48D-4EF3-A51C-77A260438B30}.Debug|Win32.ActiveCfg = Debug|Any CPU
		{9B147EB4-F48D-4EF3-A51C-77A260438B30}.Release|Any CPU.ActiveCfg = Release|Any CPU
		{9B147EB4-F48D-4EF3-A51C-77A260438B30}.Release|Any CPU.Build.0 = Release|Any CPU
		{9B147EB4-F48D-4EF3-A51C-77A260438B30}.Release|Mixed Platforms.ActiveCfg = Release|Any CPU
		{9B147EB4-F48D-4EF3-A51C-77A260438B30}.Release|Mixed Platforms.Build.0 = Release|Any CPU
		{9B147EB4-F48D-4EF3-A51C-77A260438B30}.Release|Win32.ActiveCfg = Release|Any CPU
		{B2D31EE4-77B1-4EDF-A1C9-6C66AD658C53}.Debug|Any CPU.ActiveCfg = Debug|Any CPU
		{B2D31EE4-77B1-4EDF-A1C9-6C66AD658C53}.Debug|Any CPU.Build.0 = Debug|Any CPU
		{B2D31EE4-77B1-4EDF-A1C9-6C66AD658C53}.Debug|Mixed Platforms.ActiveCfg = Debug|Any CPU
		{B2D31EE4-77B1-4EDF-A1C9-6C66AD658C53}.Debug|Mixed Platforms.Build.0 = Debug|Any CPU
		{B2D31EE4-77B1-4EDF-A1C9-6C66AD658C53}.Debug|Win32.ActiveCfg = Debug|Any CPU
		{B2D31EE4-77B1-4EDF-A1C9-6C66AD658C53}.Release|Any CPU.ActiveCfg = Release|Any CPU
		{B2D31EE4-77B1-4EDF-A1C9-6C66AD658C53}.Release|Any CPU.Build.0 = Release|Any CPU
		{B2D31EE4-77B1-4EDF-A1C9-6C66AD658C53}.Release|Mixed Platforms.ActiveCfg = Release|Any CPU
		{B2D31EE4-77B1-4EDF-A1C9-6C66AD658C53}.Release|Mixed Platforms.Build.0 = Release|Any CPU
		{B2D31EE4-77B1-4EDF-A1C9-6C66AD658C53}.Release|Win32.ActiveCfg = Release|Any CPU
		{E2739428-8E3B-430F-B807-45141FA4AEF3}.Debug|Any CPU.ActiveCfg = Debug|Any CPU
		{E2739428-8E3B-430F-B807-45141FA4AEF3}.Debug|Any CPU.Build.0 = Debug|Any CPU
		{E2739428-8E3B-430F-B807-45141FA4AEF3}.Debug|Mixed Platforms.ActiveCfg = Debug|Any CPU
		{E2739428-8E3B-430F-B807-45141FA4AEF3}.Debug|Mixed Platforms.Build.0 = Debug|Any CPU
		{E2739428-8E3B-430F-B807-45141FA4AEF3}.Debug|Win32.ActiveCfg = Debug|Any CPU
		{E2739428-8E3B-430F-B807-45141FA4AEF3}.Release|Any CPU.ActiveCfg = Release|Any CPU
		{E2739428-8E3B-430F-B807-45141FA4AEF3}.Release|Any CPU.Build.0 = Release|Any CPU
		{E2739428-8E3B-430F-B807-45141FA4AEF3}.Release|Mixed Platforms.ActiveCfg = Release|Any CPU
		{E2739428-8E3B-430F-B807-45141FA4AEF3}.Release|Mixed Platforms.Build.0 = Release|Any CPU
		{E2739428-8E3B-430F-B807-45141FA4AEF3}.Release|Win32.ActiveCfg = Release|Any CPU
	EndGlobalSection
	GlobalSection(SolutionProperties) = preSolution
		HideSolutionNode = FALSE
	EndGlobalSection
EndGlobal
